version = 1
revision = 3
requires-python = ">=3.12"

[[package]]
name = "listemoticons"
version = "0.1.0"
source = { virtual = "." }
dependencies = [
    { name = "pillow" },
    { name = "vdf" },
    { name = "vpk" },
]

[package.metadata]
requires-dist = [
    { name = "pillow", specifier = ">=12.1.0" },
    { name = "vdf", specifier = ">=3.4" },
    { name = "vpk", specifier = ">=1.4.0" },
]

[[package]]
name = "pillow"
version = "12.1.0"
source = { registry = "https://pypi.org/simple" }
sdist = { url = "https://files.pythonhosted.org/packages/d0/02/d52c733a2452ef1ffcc123b68e6606d07276b0e358db70eabad7e40042b7/pillow-12.1.0.tar.gz", hash = "sha256:5c5ae0a06e9ea030ab786b0251b32c7e4ce10e58d983c0d5c56029455180b5b9", size = 46977283, upload-time = "2026-01-02T09:13:29.892Z" }
wheels = [
    { url = "https://files.pythonhosted.org/packages/20/31/dc53fe21a2f2996e1b7d92bf671cdb157079385183ef7c1ae08b485db510/pillow-12.1.0-cp312-cp312-macosx_10_13_x86_64.whl", hash = "sha256:a332ac4ccb84b6dde65dbace8431f3af08874bf9770719d32a635c4ef411b18b", size = 5262642, upload-time = "2026-01-02T09:11:10.138Z" },
    { url = "https://files.pythonhosted.org/packages/ab/c1/10e45ac9cc79419cedf5121b42dcca5a50ad2b601fa080f58c22fb27626e/pillow-12.1.0-cp312-cp312-macosx_11_0_arm64.whl", hash = "sha256:907bfa8a9cb790748a9aa4513e37c88c59660da3bcfffbd24a7d9e6abf224551", size = 4657464, upload-time = "2026-01-02T09:11:12.319Z" },
    { url = "https://files.pythonhosted.org/packages/ad/26/7b82c0ab7ef40ebede7a97c72d473bda5950f609f8e0c77b04af574a0ddb/pillow-12.1.0-cp312-cp312-manylinux2014_aarch64.manylinux_2_17_aarch64.whl", hash = "sha256:efdc140e7b63b8f739d09a99033aa430accce485ff78e6d311973a67b6bf3208", size = 6234878, upload-time = "2026-01-02T09:11:14.096Z" },
    { url = "https://files.pythonhosted.org/packages/76/25/27abc9792615b5e886ca9411ba6637b675f1b77af3104710ac7353fe5605/pillow-12.1.0-cp312-cp312-manylinux2014_x86_64.manylinux_2_17_x86_64.whl", hash = "sha256:bef9768cab184e7ae6e559c032e95ba8d07b3023c289f79a2bd36e8bf85605a5", size = 8044868, upload-time = "2026-01-02T09:11:15.903Z" },
    { url = "https://files.pythonhosted.org/packages/0a/ea/f200a4c36d836100e7bc738fc48cd963d3ba6372ebc8298a889e0cfc3359/pillow-12.1.0-cp312-cp312-manylinux_2_27_aarch64.manylinux_2_28_aarch64.whl", hash = "sha256:742aea052cf5ab5034a53c3846165bc3ce88d7c38e954120db0ab867ca242661", size = 6349468, upload-time = "2026-01-02T09:11:17.631Z" },
    { url = "https://files.pythonhosted.org/packages/11/8f/48d0b77ab2200374c66d344459b8958c86693be99526450e7aee714e03e4/pillow-12.1.0-cp312-cp312-manylinux_2_27_x86_64.manylinux_2_28_x86_64.whl", hash = "sha256:a6dfc2af5b082b635af6e08e0d1f9f1c4e04d17d4e2ca0ef96131e85eda6eb17", size = 7041518, upload-time = "2026-01-02T09:11:19.389Z" },
    { url = "https://files.pythonhosted.org/packages/1d/23/c281182eb986b5d31f0a76d2a2c8cd41722d6fb8ed07521e802f9bba52de/pillow-12.1.0-cp312-cp312-musllinux_1_2_aarch64.whl", hash = "sha256:609e89d9f90b581c8d16358c9087df76024cf058fa693dd3e1e1620823f39670", size = 6462829, upload-time = "2026-01-02T09:11:21.28Z" },
    { url = "https://files.pythonhosted.org/packages/25/ef/7018273e0faac099d7b00982abdcc39142ae6f3bd9ceb06de09779c4a9d6/pillow-12.1.0-cp312-cp312-musllinux_1_2_x86_64.whl", hash = "sha256:43b4899cfd091a9693a1278c4982f3e50f7fb7cff5153b05174b4afc9593b616", size = 7166756, upload-time = "2026-01-02T09:11:23.559Z" },
    { url = "https://files.pythonhosted.org/packages/8f/c8/993d4b7ab2e341fe02ceef9576afcf5830cdec640be2ac5bee1820d693d4/pillow-12.1.0-cp312-cp312-win32.whl", hash = "sha256:aa0c9cc0b82b14766a99fbe6084409972266e82f459821cd26997a488a7261a7", size = 6328770, upload-time = "2026-01-02T09:11:25.661Z" },
    { url = "https://files.pythonhosted.org/packages/a7/87/90b358775a3f02765d87655237229ba64a997b87efa8ccaca7dd3e36e7a7/pillow-12.1.0-cp312-cp312-win_amd64.whl", hash = "sha256:d70534cea9e7966169ad29a903b99fc507e932069a881d0965a1a84bb57f6c6d", size = 7033406, upload-time = "2026-01-02T09:11:27.474Z" },
    { url = "https://files.pythonhosted.org/packages/5d/cf/881b457eccacac9e5b2ddd97d5071fb6d668307c57cbf4e3b5278e06e536/pillow-12.1.0-cp312-cp312-win_arm64.whl", hash = "sha256:65b80c1ee7e14a87d6a068dd3b0aea268ffcabfe0498d38661b00c5b4b22e74c", size = 2452612, upload-time = "2026-01-02T09:11:29.309Z" },
    { url = "https://files.pythonhosted.org/packages/dd/c7/2530a4aa28248623e9d7f27316b42e27c32ec410f695929696f2e0e4a778/pillow-12.1.0-cp313-cp313-ios_13_0_arm64_iphoneos.whl", hash = "sha256:7b5dd7cbae20285cdb597b10eb5a2c13aa9de6cde9bb64a3c1317427b1db1ae1", size = 4062543, upload-time = "2026-01-02T09:11:31.566Z" },
    { url = "https://files.pythonhosted.org/packages/8f/1f/40b8eae823dc1519b87d53c30ed9ef085506b05281d313031755c1705f73/pillow-12.1.0-cp313-cp313-ios_13_0_arm64_iphonesimulator.whl", hash = "sha256:29a4cef9cb672363926f0470afc516dbf7305a14d8c54f7abbb5c199cd8f8179", size = 4138373, upload-time = "2026-01-02T09:11:33.367Z" },
    { url = "https://files.pythonhosted.org/packages/d4/77/6fa60634cf06e52139fd0e89e5bbf055e8166c691c42fb162818b7fda31d/pillow-12.1.0-cp313-cp313-ios_13_0_x86_64_iphonesimulator.whl", hash = "sha256:681088909d7e8fa9e31b9799aaa59ba5234c58e5e4f1951b4c4d1082a2e980e0", size = 3601241, upload-time = "2026-01-02T09:11:35.011Z" },
    { url = "https://files.pythonhosted.org/packages/4f/bf/28ab865de622e14b747f0cd7877510848252d950e43002e224fb1c9ababf/pillow-12.1.0-cp313-cp313-macosx_10_13_x86_64.whl", hash = "sha256:983976c2ab753166dc66d36af6e8ec15bb511e4a25856e2227e5f7e00a160587", size = 5262410, upload-time = "2026-01-02T09:11:36.682Z" },
    { url = "https://files.pythonhosted.org/packages/1c/34/583420a1b55e715937a85bd48c5c0991598247a1fd2eb5423188e765ea02/pillow-12.1.0-cp313-cp313-macosx_11_0_arm64.whl", hash = "sha256:db44d5c160a90df2d24a24760bbd37607d53da0b34fb546c4c232af7192298ac", size = 4657312, upload-time = "2026-01-02T09:11:38.535Z" },
    { url = "https://files.pythonhosted.org/packages/1d/fd/f5a0896839762885b3376ff04878f86ab2b097c2f9a9cdccf4eda8ba8dc0/pillow-12.1.0-cp313-cp313-manylinux2014_aarch64.manylinux_2_17_aarch64.whl", hash = "sha256:6b7a9d1db5dad90e2991645874f708e87d9a3c370c243c2d7684d28f7e133e6b", size = 6232605, upload-time = "2026-01-02T09:11:40.602Z" },
    { url = "https://files.pythonhosted.org/packages/98/aa/938a09d127ac1e70e6ed467bd03834350b33ef646b31edb7452d5de43792/pillow-12.1.0-cp313-cp313-manylinux2014_x86_64.manylinux_2_17_x86_64.whl", hash = "sha256:6258f3260986990ba2fa8a874f8b6e808cf5abb51a94015ca3dc3c68aa4f30ea", size = 8041617, upload-time = "2026-01-02T09:11:42.721Z" },
    { url = "https://files.pythonhosted.org/packages/17/e8/538b24cb426ac0186e03f80f78bc8dc7246c667f58b540bdd57c71c9f79d/pillow-12.1.0-cp313-cp313-manylinux_2_27_aarch64.manylinux_2_28_aarch64.whl", hash = "sha256:e115c15e3bc727b1ca3e641a909f77f8ca72a64fff150f666fcc85e57701c26c", size = 6346509, upload-time = "2026-01-02T09:11:44.955Z" },
    { url = "https://files.pythonhosted.org/packages/01/9a/632e58ec89a32738cabfd9ec418f0e9898a2b4719afc581f07c04a05e3c9/pillow-12.1.0-cp313-cp313-manylinux_2_27_x86_64.manylinux_2_28_x86_64.whl", hash = "sha256:6741e6f3074a35e47c77b23a4e4f2d90db3ed905cb1c5e6e0d49bff2045632bc", size = 7038117, upload-time = "2026-01-02T09:11:46.736Z" },
    { url = "https://files.pythonhosted.org/packages/c7/a2/d40308cf86eada842ca1f3ffa45d0ca0df7e4ab33c83f81e73f5eaed136d/pillow-12.1.0-cp313-cp313-musllinux_1_2_aarch64.whl", hash = "sha256:935b9d1aed48fcfb3f838caac506f38e29621b44ccc4f8a64d575cb1b2a88644", size = 6460151, upload-time = "2026-01-02T09:11:48.625Z" },
    { url = "https://files.pythonhosted.org/packages/f1/88/f5b058ad6453a085c5266660a1417bdad590199da1b32fb4efcff9d33b05/pillow-12.1.0-cp313-cp313-musllinux_1_2_x86_64.whl", hash = "sha256:5fee4c04aad8932da9f8f710af2c1a15a83582cfb884152a9caa79d4efcdbf9c", size = 7164534, upload-time = "2026-01-02T09:11:50.445Z" },
    { url = "https://files.pythonhosted.org/packages/19/ce/c17334caea1db789163b5d855a5735e47995b0b5dc8745e9a3605d5f24c0/pillow-12.1.0-cp313-cp313-win32.whl", hash = "sha256:a786bf667724d84aa29b5db1c61b7bfdde380202aaca12c3461afd6b71743171", size = 6332551, upload-time = "2026-01-02T09:11:52.234Z" },
    { url = "https://files.pythonhosted.org/packages/e5/07/74a9d941fa45c90a0d9465098fe1ec85de3e2afbdc15cc4766622d516056/pillow-12.1.0-cp313-cp313-win_amd64.whl", hash = "sha256:461f9dfdafa394c59cd6d818bdfdbab4028b83b02caadaff0ffd433faf4c9a7a", size = 7040087, upload-time = "2026-01-02T09:11:54.822Z" },
    { url = "https://files.pythonhosted.org/packages/88/09/c99950c075a0e9053d8e880595926302575bc742b1b47fe1bbcc8d388d50/pillow-12.1.0-cp313-cp313-win_arm64.whl", hash = "sha256:9212d6b86917a2300669511ed094a9406888362e085f2431a7da985a6b124f45", size = 2452470, upload-time = "2026-01-02T09:11:56.522Z" },
    { url = "https://files.pythonhosted.org/packages/b5/ba/970b7d85ba01f348dee4d65412476321d40ee04dcb51cd3735b9dc94eb58/pillow-12.1.0-cp313-cp313t-macosx_10_13_x86_64.whl", hash = "sha256:00162e9ca6d22b7c3ee8e61faa3c3253cd19b6a37f126cad04f2f88b306f557d", size = 5264816, upload-time = "2026-01-02T09:11:58.227Z" },
    { url = "https://files.pythonhosted.org/packages/10/60/650f2fb55fdba7a510d836202aa52f0baac633e50ab1cf18415d332188fb/pillow-12.1.0-cp313-cp313t-macosx_11_0_arm64.whl", hash = "sha256:7d6daa89a00b58c37cb1747ec9fb7ac3bc5ffd5949f5888657dfddde6d1312e0", size = 4660472, upload-time = "2026-01-02T09:12:00.798Z" },
    { url = "https://files.pythonhosted.org/packages/2b/c0/5273a99478956a099d533c4f46cbaa19fd69d606624f4334b85e50987a08/pillow-12.1.0-cp313-cp313t-manylinux2014_aarch64.manylinux_2_17_aarch64.whl", hash = "sha256:e2479c7f02f9d505682dc47df8c0ea1fc5e264c4d1629a5d63fe3e2334b89554", size = 6268974, upload-time = "2026-01-02T09:12:02.572Z" },
    { url = "https://files.pythonhosted.org/packages/b4/26/0bf714bc2e73d5267887d47931d53c4ceeceea6978148ed2ab2a4e6463c4/pillow-12.1.0-cp313-cp313t-manylinux2014_x86_64.manylinux_2_17_x86_64.whl", hash = "sha256:f188d580bd870cda1e15183790d1cc2fa78f666e76077d103edf048eed9c356e", size = 8073070, upload-time = "2026-01-02T09:12:04.75Z" },
    { url = "https://files.pythonhosted.org/packages/43/cf/1ea826200de111a9d65724c54f927f3111dc5ae297f294b370a670c17786/pillow-12.1.0-cp313-cp313t-manylinux_2_27_aarch64.manylinux_2_28_aarch64.whl", hash = "sha256:0fde7ec5538ab5095cc02df38ee99b0443ff0e1c847a045554cf5f9af1f4aa82", size = 6380176, upload-time = "2026-01-02T09:12:06.626Z" },
    { url = "https://files.pythonhosted.org/packages/03/e0/7938dd2b2013373fd85d96e0f38d62b7a5a262af21ac274250c7ca7847c9/pillow-12.1.0-cp313-cp313t-manylinux_2_27_x86_64.manylinux_2_28_x86_64.whl", hash = "sha256:0ed07dca4a8464bada6139ab38f5382f83e5f111698caf3191cb8dbf27d908b4", size = 7067061, upload-time = "2026-01-02T09:12:08.624Z" },
    { url = "https://files.pythonhosted.org/packages/86/ad/a2aa97d37272a929a98437a8c0ac37b3cf012f4f8721e1bd5154699b2518/pillow-12.1.0-cp313-cp313t-musllinux_1_2_aarch64.whl", hash = "sha256:f45bd71d1fa5e5749587613037b172e0b3b23159d1c00ef2fc920da6f470e6f0", size = 6491824, upload-time = "2026-01-02T09:12:10.488Z" },
    { url = "https://files.pythonhosted.org/packages/a4/44/80e46611b288d51b115826f136fb3465653c28f491068a72d3da49b54cd4/pillow-12.1.0-cp313-cp313t-musllinux_1_2_x86_64.whl", hash = "sha256:277518bf4fe74aa91489e1b20577473b19ee70fb97c374aa50830b279f25841b", size = 7190911, upload-time = "2026-01-02T09:12:12.772Z" },
    { url = "https://files.pythonhosted.org/packages/86/77/eacc62356b4cf81abe99ff9dbc7402750044aed02cfd6a503f7c6fc11f3e/pillow-12.1.0-cp313-cp313t-win32.whl", hash = "sha256:7315f9137087c4e0ee73a761b163fc9aa3b19f5f606a7fc08d83fd3e4379af65", size = 6336445, upload-time = "2026-01-02T09:12:14.775Z" },
    { url = "https://files.pythonhosted.org/packages/e7/3c/57d81d0b74d218706dafccb87a87ea44262c43eef98eb3b164fd000e0491/pillow-12.1.0-cp313-cp313t-win_amd64.whl", hash = "sha256:0ddedfaa8b5f0b4ffbc2fa87b556dc59f6bb4ecb14a53b33f9189713ae8053c0", size = 7045354, upload-time = "2026-01-02T09:12:16.599Z" },
    { url = "https://files.pythonhosted.org/packages/ac/82/8b9b97bba2e3576a340f93b044a3a3a09841170ab4c1eb0d5c93469fd32f/pillow-12.1.0-cp313-cp313t-win_arm64.whl", hash = "sha256:80941e6d573197a0c28f394753de529bb436b1ca990ed6e765cf42426abc39f8", size = 2454547, upload-time = "2026-01-02T09:12:18.704Z" },
    { url = "https://files.pythonhosted.org/packages/8c/87/bdf971d8bbcf80a348cc3bacfcb239f5882100fe80534b0ce67a784181d8/pillow-12.1.0-cp314-cp314-ios_13_0_arm64_iphoneos.whl", hash = "sha256:5cb7bc1966d031aec37ddb9dcf15c2da5b2e9f7cc3ca7c54473a20a927e1eb91", size = 4062533, upload-time = "2026-01-02T09:12:20.791Z" },
    { url = "https://files.pythonhosted.org/packages/ff/4f/5eb37a681c68d605eb7034c004875c81f86ec9ef51f5be4a63eadd58859a/pillow-12.1.0-cp314-cp314-ios_13_0_arm64_iphonesimulator.whl", hash = "sha256:97e9993d5ed946aba26baf9c1e8cf18adbab584b99f452ee72f7ee8acb882796", size = 4138546, upload-time = "2026-01-02T09:12:23.664Z" },
    { url = "https://files.pythonhosted.org/packages/11/6d/19a95acb2edbace40dcd582d077b991646b7083c41b98da4ed7555b59733/pillow-12.1.0-cp314-cp314-ios_13_0_x86_64_iphonesimulator.whl", hash = "sha256:414b9a78e14ffeb98128863314e62c3f24b8a86081066625700b7985b3f529bd", size = 3601163, upload-time = "2026-01-02T09:12:26.338Z" },
    { url = "https://files.pythonhosted.org/packages/fc/36/2b8138e51cb42e4cc39c3297713455548be855a50558c3ac2beebdc251dd/pillow-12.1.0-cp314-cp314-macosx_10_15_x86_64.whl", hash = "sha256:e6bdb408f7c9dd2a5ff2b14a3b0bb6d4deb29fb9961e6eb3ae2031ae9a5cec13", size = 5266086, upload-time = "2026-01-02T09:12:28.782Z" },
    { url = "https://files.pythonhosted.org/packages/53/4b/649056e4d22e1caa90816bf99cef0884aed607ed38075bd75f091a607a38/pillow-12.1.0-cp314-cp314-macosx_11_0_arm64.whl", hash = "sha256:3413c2ae377550f5487991d444428f1a8ae92784aac79caa8b1e3b89b175f77e", size = 4657344, upload-time = "2026-01-02T09:12:31.117Z" },
    { url = "https://files.pythonhosted.org/packages/6c/6b/c5742cea0f1ade0cd61485dc3d81f05261fc2276f537fbdc00802de56779/pillow-12.1.0-cp314-cp314-manylinux2014_aarch64.manylinux_2_17_aarch64.whl", hash = "sha256:e5dcbe95016e88437ecf33544ba5db21ef1b8dd6e1b434a2cb2a3d605299e643", size = 6232114, upload-time = "2026-01-02T09:12:32.936Z" },
    { url = "https://files.pythonhosted.org/packages/bf/8f/9f521268ce22d63991601aafd3d48d5ff7280a246a1ef62d626d67b44064/pillow-12.1.0-cp314-cp314-manylinux2014_x86_64.manylinux_2_17_x86_64.whl", hash = "sha256:d0a7735df32ccbcc98b98a1ac785cc4b19b580be1bdf0aeb5c03223220ea09d5", size = 8042708, upload-time = "2026-01-02T09:12:34.78Z" },
    { url = "https://files.pythonhosted.org/packages/1a/eb/257f38542893f021502a1bbe0c2e883c90b5cff26cc33b1584a841a06d30/pillow-12.1.0-cp314-cp314-manylinux_2_27_aarch64.manylinux_2_28_aarch64.whl", hash = "sha256:0c27407a2d1b96774cbc4a7594129cc027339fd800cd081e44497722ea1179de", size = 6347762, upload-time = "2026-01-02T09:12:36.748Z" },
    { url = "https://files.pythonhosted.org/packages/c4/5a/8ba375025701c09b309e8d5163c5a4ce0102fa86bbf8800eb0d7ac87bc51/pillow-12.1.0-cp314-cp314-manylinux_2_27_x86_64.manylinux_2_28_x86_64.whl", hash = "sha256:15c794d74303828eaa957ff8070846d0efe8c630901a1c753fdc63850e19ecd9", size = 7039265, upload-time = "2026-01-02T09:12:39.082Z" },
    { url = "https://files.pythonhosted.org/packages/cf/dc/cf5e4cdb3db533f539e88a7bbf9f190c64ab8a08a9bc7a4ccf55067872e4/pillow-12.1.0-cp314-cp314-musllinux_1_2_aarch64.whl", hash = "sha256:c990547452ee2800d8506c4150280757f88532f3de2a58e3022e9b179107862a", size = 6462341, upload-time = "2026-01-02T09:12:40.946Z" },
    { url = "https://files.pythonhosted.org/packages/d0/47/0291a25ac9550677e22eda48510cfc4fa4b2ef0396448b7fbdc0a6946309/pillow-12.1.0-cp314-cp314-musllinux_1_2_x86_64.whl", hash = "sha256:b63e13dd27da389ed9475b3d28510f0f954bca0041e8e551b2a4eb1eab56a39a", size = 7165395, upload-time = "2026-01-02T09:12:42.706Z" },
    { url = "https://files.pythonhosted.org/packages/4f/4c/e005a59393ec4d9416be06e6b45820403bb946a778e39ecec62f5b2b991e/pillow-12.1.0-cp314-cp314-win32.whl", hash = "sha256:1a949604f73eb07a8adab38c4fe50791f9919344398bdc8ac6b307f755fc7030", size = 6431413, upload-time = "2026-01-02T09:12:44.944Z" },
    { url = "https://files.pythonhosted.org/packages/1c/af/f23697f587ac5f9095d67e31b81c95c0249cd461a9798a061ed6709b09b5/pillow-12.1.0-cp314-cp314-win_amd64.whl", hash = "sha256:4f9f6a650743f0ddee5593ac9e954ba1bdbc5e150bc066586d4f26127853ab94", size = 7176779, upload-time = "2026-01-02T09:12:46.727Z" },
    { url = "https://files.pythonhosted.org/packages/b3/36/6a51abf8599232f3e9afbd16d52829376a68909fe14efe29084445db4b73/pillow-12.1.0-cp314-cp314-win_arm64.whl", hash = "sha256:808b99604f7873c800c4840f55ff389936ef1948e4e87645eaf3fccbc8477ac4", size = 2543105, upload-time = "2026-01-02T09:12:49.243Z" },
    { url = "https://files.pythonhosted.org/packages/82/54/2e1dd20c8749ff225080d6ba465a0cab4387f5db0d1c5fb1439e2d99923f/pillow-12.1.0-cp314-cp314t-macosx_10_15_x86_64.whl", hash = "sha256:bc11908616c8a283cf7d664f77411a5ed2a02009b0097ff8abbba5e79128ccf2", size = 5268571, upload-time = "2026-01-02T09:12:51.11Z" },
    { url = "https://files.pythonhosted.org/packages/57/61/571163a5ef86ec0cf30d265ac2a70ae6fc9e28413d1dc94fa37fae6bda89/pillow-12.1.0-cp314-cp314t-macosx_11_0_arm64.whl", hash = "sha256:896866d2d436563fa2a43a9d72f417874f16b5545955c54a64941e87c1376c61", size = 4660426, upload-time = "2026-01-02T09:12:52.865Z" },
    { url = "https://files.pythonhosted.org/packages/5e/e1/53ee5163f794aef1bf84243f755ee6897a92c708505350dd1923f4afec48/pillow-12.1.0-cp314-cp314t-manylinux2014_aarch64.manylinux_2_17_aarch64.whl", hash = "sha256:8e178e3e99d3c0ea8fc64b88447f7cac8ccf058af422a6cedc690d0eadd98c51", size = 6269908, upload-time = "2026-01-02T09:12:54.884Z" },
    { url = "https://files.pythonhosted.org/packages/bc/0b/b4b4106ff0ee1afa1dc599fde6ab230417f800279745124f6c50bcffed8e/pillow-12.1.0-cp314-cp314t-manylinux2014_x86_64.manylinux_2_17_x86_64.whl", hash = "sha256:079af2fb0c599c2ec144ba2c02766d1b55498e373b3ac64687e43849fbbef5bc", size = 8074733, upload-time = "2026-01-02T09:12:56.802Z" },
    { url = "https://files.pythonhosted.org/packages/19/9f/80b411cbac4a732439e629a26ad3ef11907a8c7fc5377b7602f04f6fe4e7/pillow-12.1.0-cp314-cp314t-manylinux_2_27_aarch64.manylinux_2_28_aarch64.whl", hash = "sha256:bdec5e43377761c5dbca620efb69a77f6855c5a379e32ac5b158f54c84212b14", size = 6381431, upload-time = "2026-01-02T09:12:58.823Z" },
    { url = "https://files.pythonhosted.org/packages/8f/b7/d65c45db463b66ecb6abc17c6ba6917a911202a07662247e1355ce1789e7/pillow-12.1.0-cp314-cp314t-manylinux_2_27_x86_64.manylinux_2_28_x86_64.whl", hash = "sha256:565c986f4b45c020f5421a4cea13ef294dde9509a8577f29b2fc5edc7587fff8", size = 7068529, upload-time = "2026-01-02T09:13:00.885Z" },
    { url = "https://files.pythonhosted.org/packages/50/96/dfd4cd726b4a45ae6e3c669fc9e49deb2241312605d33aba50499e9d9bd1/pillow-12.1.0-cp314-cp314t-musllinux_1_2_aarch64.whl", hash = "sha256:43aca0a55ce1eefc0aefa6253661cb54571857b1a7b2964bd8a1e3ef4b729924", size = 6492981, upload-time = "2026-01-02T09:13:03.314Z" },
    { url = "https://files.pythonhosted.org/packages/4d/1c/b5dc52cf713ae46033359c5ca920444f18a6359ce1020dd3e9c553ea5bc6/pillow-12.1.0-cp314-cp314t-musllinux_1_2_x86_64.whl", hash = "sha256:0deedf2ea233722476b3a81e8cdfbad786f7adbed5d848469fa59fe52396e4ef", size = 7191878, upload-time = "2026-01-02T09:13:05.276Z" },
    { url = "https://files.pythonhosted.org/packages/53/26/c4188248bd5edaf543864fe4834aebe9c9cb4968b6f573ce014cc42d0720/pillow-12.1.0-cp314-cp314t-win32.whl", hash = "sha256:b17fbdbe01c196e7e159aacb889e091f28e61020a8abeac07b68079b6e626988", size = 6438703, upload-time = "2026-01-02T09:13:07.491Z" },
    { url = "https://files.pythonhosted.org/packages/b8/0e/69ed296de8ea05cb03ee139cee600f424ca166e632567b2d66727f08c7ed/pillow-12.1.0-cp314-cp314t-win_amd64.whl", hash = "sha256:27b9baecb428899db6c0de572d6d305cfaf38ca1596b5c0542a5182e3e74e8c6", size = 7182927, upload-time = "2026-01-02T09:13:09.841Z" },
    { url = "https://files.pythonhosted.org/packages/fc/f5/68334c015eed9b5cff77814258717dec591ded209ab5b6fb70e2ae873d1d/pillow-12.1.0-cp314-cp314t-win_arm64.whl", hash = "sha256:f61333d817698bdcdd0f9d7793e365ac3d2a21c1f1eb02b32ad6aefb8d8ea831", size = 2545104, upload-time = "2026-01-02T09:13:12.068Z" },
]

[[package]]
name = "vdf"
version = "3.4"
source = { registry = "https://pypi.org/simple" }
sdist = { url = "https://files.pythonhosted.org/packages/44/7f/74192f47d67c8bf3c47bf0d8487b3457614c2c98d58b6617721d217f3f79/vdf-3.4.tar.gz", hash = "sha256:fd5419f41e07a1009e5ffd027c7dcbe43d1f7e8ef453aeaa90d9d04b807de2af", size = 11132, upload-time = "2021-05-22T09:26:05.252Z" }
wheels = [
    { url = "https://files.pythonhosted.org/packages/96/60/6456b687cf55cf60020dcd01f9bc51561c3cc84f05fd8e0feb71ce60f894/vdf-3.4-py2.py3-none-any.whl", hash = "sha256:68c1a125cc49e343d535af2dd25074e9cb0908c6607f073947c4a04bbe234534", size = 10357, upload-time = "2021-05-22T09:26:03.948Z" },
]

[[package]]
name = "vpk"
version = "1.4.0"
source = { registry = "https://pypi.org/simple" }
sdist = { url = "https://files.pythonhosted.org/packages/70/d4/567a1c46a4c1efc646454868cfffa81e87760663cfddcc28dc9d273fb5ac/vpk-1.4.0.tar.gz", hash = "sha256:32ce0a2ca74f29e6b6614dc6e56b7724181c7b011f4de6040a138d4d8fe97040", size = 11516, upload-time = "2021-12-24T15:10:52.326Z" }
wheels = [
    { url = "https://files.pythonhosted.org/packages/39/b9/b87009a8ad0db87d1b14bb0b2b474254b18ba740057f4ba8bae7cc790e5d/vpk-1.4.0-py2.py3-none-any.whl", hash = "sha256:021a40fa28eece9909dfce6f2b55abfd39fff22ac4a4a18ddf7a10afa4c1232f", size = 11168, upload-time = "2021-12-24T15:10:50.616Z" },
]
